Microsoft Visual Studio Solution File, Format Version 12.00
# Visual Studio Version 17
VisualStudioVersion = 17.5.2.0
MinimumVisualStudioVersion = 10.0.40219.1
Project("{FAE04EC0-301F-11D3-BF4B-00C04F79EFBC}") = "ExamenU1", "ExamenU1.csproj", "{A9880D06-41B0-74D8-A66A-F10670DD35AC}"
EndProject
Global
	GlobalSection(SolutionConfigurationPlatforms) = preSolution
		Debug|Any CPU = Debug|Any CPU
		Release|Any CPU = Release|Any CPU
	EndGlobalSection
	GlobalSection(ProjectConfigurationPlatforms) = postSolution
		{A9880D06-41B0-74D8-A66A-F10670DD35AC}.Debug|Any CPU.ActiveCfg = Debug|Any CPU
		{A9880D06-41B0-74D8-A66A-F10670DD35AC}.Debug|Any CPU.Build.0 = Debug|Any CPU
		{A9880D06-41B0-74D8-A66A-F10670DD35AC}.Release|Any CPU.ActiveCfg = Release|Any CPU
		{A9880D06-41B0-74D8-A66A-F10670DD35AC}.Release|Any CPU.Build.0 = Release|Any CPU
	EndGlobalSection
	GlobalSection(SolutionProperties) = preSolution
		HideSolutionNode = FALSE
	EndGlobalSection
	GlobalSection(ExtensibilityGlobals) = postSolution
		SolutionGuid = {9A408BED-7440-4F5F-9C1F-802F6751E8CE}
	EndGlobalSection
EndGlobal
